
Microsoft Visual Studio Solution File, Format Version 12.00
# Visual Studio Version 16
VisualStudioVersion = 16.0.30204.135
MinimumVisualStudioVersion = 10.0.40219.1
Project("{9A19103F-16F7-4668-BE54-9A1E7A4F7556}") = "CodeRunnerAksDemo", "CodeRunnerAksDemo\CodeRunnerAksDemo.csproj", "{D07EBA8E-DF61-4E3A-B0B4-D17BAC099670}"
EndProject
Project("{2150E333-8FDC-42A3-9474-1A3956D46DE8}") = "Scripts", "Scripts", "{42C8D09D-57B5-4572-B90E-DD2862AE9667}"
	ProjectSection(SolutionItems) = preProject
		scripts\appinsights-role.yaml = scripts\appinsights-role.yaml
		scripts\bash-scripts.sh = scripts\bash-scripts.sh
		scripts\scripts.ps1 = scripts\scripts.ps1
	EndProjectSection
EndProject
Project("{2150E333-8FDC-42A3-9474-1A3956D46DE8}") = "Solution Items", "Solution Items", "{F60B9445-FF8B-41CD-AF40-F9938BB138B7}"
	ProjectSection(SolutionItems) = preProject
		README.md = README.md
	EndProjectSection
EndProject
Global
	GlobalSection(SolutionConfigurationPlatforms) = preSolution
		Debug|Any CPU = Debug|Any CPU
		Release|Any CPU = Release|Any CPU
	EndGlobalSection
	GlobalSection(ProjectConfigurationPlatforms) = postSolution
		{D07EBA8E-DF61-4E3A-B0B4-D17BAC099670}.Debug|Any CPU.ActiveCfg = Debug|Any CPU
		{D07EBA8E-DF61-4E3A-B0B4-D17BAC099670}.Debug|Any CPU.Build.0 = Debug|Any CPU
		{D07EBA8E-DF61-4E3A-B0B4-D17BAC099670}.Release|Any CPU.ActiveCfg = Release|Any CPU
		{D07EBA8E-DF61-4E3A-B0B4-D17BAC099670}.Release|Any CPU.Build.0 = Release|Any CPU
	EndGlobalSection
	GlobalSection(SolutionProperties) = preSolution
		HideSolutionNode = FALSE
	EndGlobalSection
	GlobalSection(ExtensibilityGlobals) = postSolution
		SolutionGuid = {E1B88344-6EFB-4484-B5F5-35244322E243}
	EndGlobalSection
EndGlobal
